// !$*UTF8*$!
{
	archiveVersion = 1;
	classes = {
	};
	objectVersion = 55;
	objects = {

/* Begin PBXBuildFile section */
		4551A153836C312D6422553F /* Pods_MiroCinema.framework in Frameworks */ = {isa = PBXBuildFile; fileRef = 216F68053EABA016385AC329 /* Pods_MiroCinema.framework */; };
		808232DCC0B16E1751DFBD64 /* Pods_MiroCinema_MiroCinemaUITests.framework in Frameworks */ = {isa = PBXBuildFile; fileRef = 0B0B66B41DC6BBD2EC131A53 /* Pods_MiroCinema_MiroCinemaUITests.framework */; };
		8704A4912A14DD68000AB7F5 /* AppDelegate.swift in Sources */ = {isa = PBXBuildFile; fileRef = 8704A4902A14DD68000AB7F5 /* AppDelegate.swift */; };
		8704A4932A14DD68000AB7F5 /* SceneDelegate.swift in Sources */ = {isa = PBXBuildFile; fileRef = 8704A4922A14DD68000AB7F5 /* SceneDelegate.swift */; };
		8704A4952A14DD68000AB7F5 /* MovieHomeViewController.swift in Sources */ = {isa = PBXBuildFile; fileRef = 8704A4942A14DD68000AB7F5 /* MovieHomeViewController.swift */; };
		8704A49B2A14DD68000AB7F5 /* MiroCinema.xcdatamodeld in Sources */ = {isa = PBXBuildFile; fileRef = 8704A4992A14DD68000AB7F5 /* MiroCinema.xcdatamodeld */; };
		8704A49D2A14DD69000AB7F5 /* Assets.xcassets in Resources */ = {isa = PBXBuildFile; fileRef = 8704A49C2A14DD69000AB7F5 /* Assets.xcassets */; };
		8704A4A02A14DD69000AB7F5 /* LaunchScreen.storyboard in Resources */ = {isa = PBXBuildFile; fileRef = 8704A49E2A14DD69000AB7F5 /* LaunchScreen.storyboard */; };
		8704A4AB2A14DD69000AB7F5 /* MiroCinemaTests.swift in Sources */ = {isa = PBXBuildFile; fileRef = 8704A4AA2A14DD69000AB7F5 /* MiroCinemaTests.swift */; };
		8704A4B52A14DD69000AB7F5 /* MiroCinemaUITests.swift in Sources */ = {isa = PBXBuildFile; fileRef = 8704A4B42A14DD69000AB7F5 /* MiroCinemaUITests.swift */; };
		8704A4B72A14DD69000AB7F5 /* MiroCinemaUITestsLaunchTests.swift in Sources */ = {isa = PBXBuildFile; fileRef = 8704A4B62A14DD69000AB7F5 /* MiroCinemaUITestsLaunchTests.swift */; };
		8704E9CE2A1A579B002A7D22 /* MovieGenreAPIEndPoint.swift in Sources */ = {isa = PBXBuildFile; fileRef = 8704E9CD2A1A579B002A7D22 /* MovieGenreAPIEndPoint.swift */; };
		8704E9D02A1A5FED002A7D22 /* MovieImageAPIEndPoint.swift in Sources */ = {isa = PBXBuildFile; fileRef = 8704E9CF2A1A5FED002A7D22 /* MovieImageAPIEndPoint.swift */; };
		8704E9D22A1A6264002A7D22 /* Movie.swift in Sources */ = {isa = PBXBuildFile; fileRef = 8704E9D12A1A6264002A7D22 /* Movie.swift */; };
		870C771A2A15DF29009ACD92 /* MovieRankHeaderView.swift in Sources */ = {isa = PBXBuildFile; fileRef = 870C77192A15DF29009ACD92 /* MovieRankHeaderView.swift */; };
		870C771C2A15DF46009ACD92 /* MovieRankCollectionViewCell.swift in Sources */ = {isa = PBXBuildFile; fileRef = 870C771B2A15DF46009ACD92 /* MovieRankCollectionViewCell.swift */; };
		870C771E2A160DE2009ACD92 /* MovieGenresCollectionViewCell.swift in Sources */ = {isa = PBXBuildFile; fileRef = 870C771D2A160DE2009ACD92 /* MovieGenresCollectionViewCell.swift */; };
		870C77202A160DF5009ACD92 /* MovieHomeGenresHeaderView.swift in Sources */ = {isa = PBXBuildFile; fileRef = 870C771F2A160DF4009ACD92 /* MovieHomeGenresHeaderView.swift */; };
		8737A9BF2A1A3BC90056C6A3 /* MoviesDTO.swift in Sources */ = {isa = PBXBuildFile; fileRef = 8737A9BE2A1A3BC90056C6A3 /* MoviesDTO.swift */; };
		8737A9C32A1A41110056C6A3 /* MovieDTO.swift in Sources */ = {isa = PBXBuildFile; fileRef = 8737A9C22A1A41110056C6A3 /* MovieDTO.swift */; };
		8737A9C62A1A41680056C6A3 /* NetworkError.swift in Sources */ = {isa = PBXBuildFile; fileRef = 8737A9C52A1A41680056C6A3 /* NetworkError.swift */; };
		8737A9C82A1A41720056C6A3 /* NetworkDispatcher.swift in Sources */ = {isa = PBXBuildFile; fileRef = 8737A9C72A1A41720056C6A3 /* NetworkDispatcher.swift */; };
		8737A9CB2A1A418D0056C6A3 /* JSONDeserializer.swift in Sources */ = {isa = PBXBuildFile; fileRef = 8737A9CA2A1A418D0056C6A3 /* JSONDeserializer.swift */; };
		8737A9CE2A1A41B40056C6A3 /* NetworkAPIManager.swift in Sources */ = {isa = PBXBuildFile; fileRef = 8737A9CD2A1A41B40056C6A3 /* NetworkAPIManager.swift */; };
		8737A9D12A1A41D90056C6A3 /* EndPoint.swift in Sources */ = {isa = PBXBuildFile; fileRef = 8737A9D02A1A41D90056C6A3 /* EndPoint.swift */; };
		8737A9D42A1A41F90056C6A3 /* APIEndPoint.swift in Sources */ = {isa = PBXBuildFile; fileRef = 8737A9D32A1A41F90056C6A3 /* APIEndPoint.swift */; };
		8737A9D72A1A42B10056C6A3 /* URLResponse+.swift in Sources */ = {isa = PBXBuildFile; fileRef = 8737A9D62A1A42B10056C6A3 /* URLResponse+.swift */; };
		8737A9D92A1A44E00056C6A3 /* MovieRankAPIEndPoint.swift in Sources */ = {isa = PBXBuildFile; fileRef = 8737A9D82A1A44E00056C6A3 /* MovieRankAPIEndPoint.swift */; };
		87523B542A1E632A0002D471 /* MovieDetailFirstSectionViewDelegate.swift in Sources */ = {isa = PBXBuildFile; fileRef = 87523B532A1E632A0002D471 /* MovieDetailFirstSectionViewDelegate.swift */; };
		8755EE692A1B209100FA775E /* MovieDetailViewController.swift in Sources */ = {isa = PBXBuildFile; fileRef = 8755EE682A1B209100FA775E /* MovieDetailViewController.swift */; };
		8755EE6E2A1B3A9000FA775E /* MovieDetailCreditCell.swift in Sources */ = {isa = PBXBuildFile; fileRef = 8755EE6D2A1B3A9000FA775E /* MovieDetailCreditCell.swift */; };
		8755EE702A1B3AAE00FA775E /* MovieDetailFirstSectionView.swift in Sources */ = {isa = PBXBuildFile; fileRef = 8755EE6F2A1B3AAE00FA775E /* MovieDetailFirstSectionView.swift */; };
		875746292A2085DF00836F85 /* MovieDetailController.swift in Sources */ = {isa = PBXBuildFile; fileRef = 875746282A2085DF00836F85 /* MovieDetailController.swift */; };
		877D10EA2A1C586B00622C84 /* MovieDetailFirstSectionCell.swift in Sources */ = {isa = PBXBuildFile; fileRef = 877D10E92A1C586B00622C84 /* MovieDetailFirstSectionCell.swift */; };
		877D10EC2A1C791B00622C84 /* MovieDetailHeaderView.swift in Sources */ = {isa = PBXBuildFile; fileRef = 877D10EB2A1C791B00622C84 /* MovieDetailHeaderView.swift */; };
		878119862A235DF4005EA728 /* ImageCacheManager.swift in Sources */ = {isa = PBXBuildFile; fileRef = 878119852A235DF4005EA728 /* ImageCacheManager.swift */; };
		8781198E2A239801005EA728 /* MovieGenreViewController.swift in Sources */ = {isa = PBXBuildFile; fileRef = 8781198D2A239801005EA728 /* MovieGenreViewController.swift */; };
		878119912A2399C2005EA728 /* MovieGenreListCell.swift in Sources */ = {isa = PBXBuildFile; fileRef = 878119902A2399C2005EA728 /* MovieGenreListCell.swift */; };
		878119932A23AB68005EA728 /* MovieGenreController.swift in Sources */ = {isa = PBXBuildFile; fileRef = 878119922A23AB68005EA728 /* MovieGenreController.swift */; };
		87B74CA22A2060F6002878BB /* MovieHomeController.swift in Sources */ = {isa = PBXBuildFile; fileRef = 87B74CA12A2060F6002878BB /* MovieHomeController.swift */; };
		87B74CA92A2061CD002878BB /* Item.swift in Sources */ = {isa = PBXBuildFile; fileRef = 87B74CA82A2061CD002878BB /* Item.swift */; };
		87B74CAB2A2061DA002878BB /* Section.swift in Sources */ = {isa = PBXBuildFile; fileRef = 87B74CAA2A2061DA002878BB /* Section.swift */; };
		87B9D8C72A1B09C900BB5609 /* Genre.swift in Sources */ = {isa = PBXBuildFile; fileRef = 87B9D8C62A1B09C900BB5609 /* Genre.swift */; };
		87BFF3812A1CF8650045905C /* ViewMoreButton.swift in Sources */ = {isa = PBXBuildFile; fileRef = 87BFF3802A1CF8650045905C /* ViewMoreButton.swift */; };
		87C408692A1DA78300C3F3D3 /* CircleImageView.swift in Sources */ = {isa = PBXBuildFile; fileRef = 87C408682A1DA78300C3F3D3 /* CircleImageView.swift */; };
		87C4086B2A1DC8FF00C3F3D3 /* MovieAPIEndPoint.swift in Sources */ = {isa = PBXBuildFile; fileRef = 87C4086A2A1DC8FF00C3F3D3 /* MovieAPIEndPoint.swift */; };
		87C4086D2A1DC98A00C3F3D3 /* MovieDetailsAPIEndPoint.swift in Sources */ = {isa = PBXBuildFile; fileRef = 87C4086C2A1DC98A00C3F3D3 /* MovieDetailsAPIEndPoint.swift */; };
		87C4086F2A1DCB7F00C3F3D3 /* MovieDetailsDTO.swift in Sources */ = {isa = PBXBuildFile; fileRef = 87C4086E2A1DCB7F00C3F3D3 /* MovieDetailsDTO.swift */; };
		87C408712A1DDC4B00C3F3D3 /* MovieCreditsDTO.swift in Sources */ = {isa = PBXBuildFile; fileRef = 87C408702A1DDC4B00C3F3D3 /* MovieCreditsDTO.swift */; };
		87C408732A1DDC5B00C3F3D3 /* MovieCreditsAPIEndPoint.swift in Sources */ = {isa = PBXBuildFile; fileRef = 87C408722A1DDC5B00C3F3D3 /* MovieCreditsAPIEndPoint.swift */; };
		87C408752A1DDDE700C3F3D3 /* MovieCredit.swift in Sources */ = {isa = PBXBuildFile; fileRef = 87C408742A1DDDE700C3F3D3 /* MovieCredit.swift */; };
		87C408772A1E00E500C3F3D3 /* MovieGenresFooterView.swift in Sources */ = {isa = PBXBuildFile; fileRef = 87C408762A1E00E500C3F3D3 /* MovieGenresFooterView.swift */; };
		87DCB9CB2A247F1C009F3CA4 /* MovieGenreHeaderView.swift in Sources */ = {isa = PBXBuildFile; fileRef = 87DCB9CA2A247F1C009F3CA4 /* MovieGenreHeaderView.swift */; };
		87DCB9CD2A24866C009F3CA4 /* MovieGenreSectionBackgroundDecorationView.swift in Sources */ = {isa = PBXBuildFile; fileRef = 87DCB9CC2A24866C009F3CA4 /* MovieGenreSectionBackgroundDecorationView.swift */; };
		87E045FD2A20EA8400C95B57 /* MovieCertificationAPIEndPoint.swift in Sources */ = {isa = PBXBuildFile; fileRef = 87E045FC2A20EA8400C95B57 /* MovieCertificationAPIEndPoint.swift */; };
		87E045FF2A20EB0C00C95B57 /* MovieCertificationDTO.swift in Sources */ = {isa = PBXBuildFile; fileRef = 87E045FE2A20EB0C00C95B57 /* MovieCertificationDTO.swift */; };
		87E3556E2A22F6850022A6EF /* USACertification.swift in Sources */ = {isa = PBXBuildFile; fileRef = 87E3556D2A22F6850022A6EF /* USACertification.swift */; };
		87E355702A230A7D0022A6EF /* MovieDetail.swift in Sources */ = {isa = PBXBuildFile; fileRef = 87E3556F2A230A7D0022A6EF /* MovieDetail.swift */; };
		87E355722A2315930022A6EF /* PaddingLabel.swift in Sources */ = {isa = PBXBuildFile; fileRef = 87E355712A2315930022A6EF /* PaddingLabel.swift */; };
		87E53F282A1EF82E00D78160 /* MovieGenresFooterViewDelegate.swift in Sources */ = {isa = PBXBuildFile; fileRef = 87E53F272A1EF82E00D78160 /* MovieGenresFooterViewDelegate.swift */; };
		87E53F2A2A1F36FC00D78160 /* MovieRankHeaderViewDelegate.swift in Sources */ = {isa = PBXBuildFile; fileRef = 87E53F292A1F36FC00D78160 /* MovieRankHeaderViewDelegate.swift */; };
		87E53F2C2A1F3AA000D78160 /* ButtonKind.swift in Sources */ = {isa = PBXBuildFile; fileRef = 87E53F2B2A1F3AA000D78160 /* ButtonKind.swift */; };
		87E53F2E2A1F3E1A00D78160 /* DateFormatter+.swift in Sources */ = {isa = PBXBuildFile; fileRef = 87E53F2D2A1F3E1A00D78160 /* DateFormatter+.swift */; };
		87E53F302A1F3E9C00D78160 /* String+.swift in Sources */ = {isa = PBXBuildFile; fileRef = 87E53F2F2A1F3E9B00D78160 /* String+.swift */; };
		87E53F372A1F531100D78160 /* RankSortButton.swift in Sources */ = {isa = PBXBuildFile; fileRef = 87E53F362A1F531100D78160 /* RankSortButton.swift */; };
		AF480D76A88F779AE0314B8D /* Pods_MiroCinemaTests.framework in Frameworks */ = {isa = PBXBuildFile; fileRef = 0AAA9419009FD66D5E0FB5D0 /* Pods_MiroCinemaTests.framework */; };
/* End PBXBuildFile section */

/* Begin PBXContainerItemProxy section */
		8704A4A72A14DD69000AB7F5 /* PBXContainerItemProxy */ = {
			isa = PBXContainerItemProxy;
			containerPortal = 8704A4852A14DD68000AB7F5 /* Project object */;
			proxyType = 1;
			remoteGlobalIDString = 8704A48C2A14DD68000AB7F5;
			remoteInfo = MiroCinema;
		};
		8704A4B12A14DD69000AB7F5 /* PBXContainerItemProxy */ = {
			isa = PBXContainerItemProxy;
			containerPortal = 8704A4852A14DD68000AB7F5 /* Project object */;
			proxyType = 1;
			remoteGlobalIDString = 8704A48C2A14DD68000AB7F5;
			remoteInfo = MiroCinema;
		};
/* End PBXContainerItemProxy section */

/* Begin PBXFileReference section */
		0AAA9419009FD66D5E0FB5D0 /* Pods_MiroCinemaTests.framework */ = {isa = PBXFileReference; explicitFileType = wrapper.framework; includeInIndex = 0; path = Pods_MiroCinemaTests.framework; sourceTree = BUILT_PRODUCTS_DIR; };
		0B0B66B41DC6BBD2EC131A53 /* Pods_MiroCinema_MiroCinemaUITests.framework */ = {isa = PBXFileReference; explicitFileType = wrapper.framework; includeInIndex = 0; path = Pods_MiroCinema_MiroCinemaUITests.framework; sourceTree = BUILT_PRODUCTS_DIR; };
		149C8AA66BABA455BB46AF23 /* Pods-MiroCinema-MiroCinemaUITests.debug.xcconfig */ = {isa = PBXFileReference; includeInIndex = 1; lastKnownFileType = text.xcconfig; name = "Pods-MiroCinema-MiroCinemaUITests.debug.xcconfig"; path = "Target Support Files/Pods-MiroCinema-MiroCinemaUITests/Pods-MiroCinema-MiroCinemaUITests.debug.xcconfig"; sourceTree = "<group>"; };
		19989E486737415106FB45D8 /* Pods-MiroCinema.release.xcconfig */ = {isa = PBXFileReference; includeInIndex = 1; lastKnownFileType = text.xcconfig; name = "Pods-MiroCinema.release.xcconfig"; path = "Target Support Files/Pods-MiroCinema/Pods-MiroCinema.release.xcconfig"; sourceTree = "<group>"; };
		216F68053EABA016385AC329 /* Pods_MiroCinema.framework */ = {isa = PBXFileReference; explicitFileType = wrapper.framework; includeInIndex = 0; path = Pods_MiroCinema.framework; sourceTree = BUILT_PRODUCTS_DIR; };
		864256051838767F7A93B860 /* Pods-MiroCinemaTests.release.xcconfig */ = {isa = PBXFileReference; includeInIndex = 1; lastKnownFileType = text.xcconfig; name = "Pods-MiroCinemaTests.release.xcconfig"; path = "Target Support Files/Pods-MiroCinemaTests/Pods-MiroCinemaTests.release.xcconfig"; sourceTree = "<group>"; };
		8704A48D2A14DD68000AB7F5 /* MiroCinema.app */ = {isa = PBXFileReference; explicitFileType = wrapper.application; includeInIndex = 0; path = MiroCinema.app; sourceTree = BUILT_PRODUCTS_DIR; };
		8704A4902A14DD68000AB7F5 /* AppDelegate.swift */ = {isa = PBXFileReference; lastKnownFileType = sourcecode.swift; path = AppDelegate.swift; sourceTree = "<group>"; };
		8704A4922A14DD68000AB7F5 /* SceneDelegate.swift */ = {isa = PBXFileReference; lastKnownFileType = sourcecode.swift; path = SceneDelegate.swift; sourceTree = "<group>"; };
		8704A4942A14DD68000AB7F5 /* MovieHomeViewController.swift */ = {isa = PBXFileReference; lastKnownFileType = sourcecode.swift; path = MovieHomeViewController.swift; sourceTree = "<group>"; };
		8704A49A2A14DD68000AB7F5 /* MiroCinema.xcdatamodel */ = {isa = PBXFileReference; lastKnownFileType = wrapper.xcdatamodel; path = MiroCinema.xcdatamodel; sourceTree = "<group>"; };
		8704A49C2A14DD69000AB7F5 /* Assets.xcassets */ = {isa = PBXFileReference; lastKnownFileType = folder.assetcatalog; path = Assets.xcassets; sourceTree = "<group>"; };
		8704A49F2A14DD69000AB7F5 /* Base */ = {isa = PBXFileReference; lastKnownFileType = file.storyboard; name = Base; path = Base.lproj/LaunchScreen.storyboard; sourceTree = "<group>"; };
		8704A4A12A14DD69000AB7F5 /* Info.plist */ = {isa = PBXFileReference; lastKnownFileType = text.plist.xml; path = Info.plist; sourceTree = "<group>"; };
		8704A4A62A14DD69000AB7F5 /* MiroCinemaTests.xctest */ = {isa = PBXFileReference; explicitFileType = wrapper.cfbundle; includeInIndex = 0; path = MiroCinemaTests.xctest; sourceTree = BUILT_PRODUCTS_DIR; };
		8704A4AA2A14DD69000AB7F5 /* MiroCinemaTests.swift */ = {isa = PBXFileReference; lastKnownFileType = sourcecode.swift; path = MiroCinemaTests.swift; sourceTree = "<group>"; };
		8704A4B02A14DD69000AB7F5 /* MiroCinemaUITests.xctest */ = {isa = PBXFileReference; explicitFileType = wrapper.cfbundle; includeInIndex = 0; path = MiroCinemaUITests.xctest; sourceTree = BUILT_PRODUCTS_DIR; };
		8704A4B42A14DD69000AB7F5 /* MiroCinemaUITests.swift */ = {isa = PBXFileReference; lastKnownFileType = sourcecode.swift; path = MiroCinemaUITests.swift; sourceTree = "<group>"; };
		8704A4B62A14DD69000AB7F5 /* MiroCinemaUITestsLaunchTests.swift */ = {isa = PBXFileReference; lastKnownFileType = sourcecode.swift; path = MiroCinemaUITestsLaunchTests.swift; sourceTree = "<group>"; };
		8704E9CD2A1A579B002A7D22 /* MovieGenreAPIEndPoint.swift */ = {isa = PBXFileReference; lastKnownFileType = sourcecode.swift; path = MovieGenreAPIEndPoint.swift; sourceTree = "<group>"; };
		8704E9CF2A1A5FED002A7D22 /* MovieImageAPIEndPoint.swift */ = {isa = PBXFileReference; lastKnownFileType = sourcecode.swift; path = MovieImageAPIEndPoint.swift; sourceTree = "<group>"; };
		8704E9D12A1A6264002A7D22 /* Movie.swift */ = {isa = PBXFileReference; lastKnownFileType = sourcecode.swift; path = Movie.swift; sourceTree = "<group>"; };
		870C77192A15DF29009ACD92 /* MovieRankHeaderView.swift */ = {isa = PBXFileReference; lastKnownFileType = sourcecode.swift; path = MovieRankHeaderView.swift; sourceTree = "<group>"; };
		870C771B2A15DF46009ACD92 /* MovieRankCollectionViewCell.swift */ = {isa = PBXFileReference; lastKnownFileType = sourcecode.swift; path = MovieRankCollectionViewCell.swift; sourceTree = "<group>"; };
		870C771D2A160DE2009ACD92 /* MovieGenresCollectionViewCell.swift */ = {isa = PBXFileReference; lastKnownFileType = sourcecode.swift; path = MovieGenresCollectionViewCell.swift; sourceTree = "<group>"; };
		870C771F2A160DF4009ACD92 /* MovieHomeGenresHeaderView.swift */ = {isa = PBXFileReference; lastKnownFileType = sourcecode.swift; path = MovieHomeGenresHeaderView.swift; sourceTree = "<group>"; };
		8737A9BE2A1A3BC90056C6A3 /* MoviesDTO.swift */ = {isa = PBXFileReference; lastKnownFileType = sourcecode.swift; path = MoviesDTO.swift; sourceTree = "<group>"; };
		8737A9C22A1A41110056C6A3 /* MovieDTO.swift */ = {isa = PBXFileReference; lastKnownFileType = sourcecode.swift; path = MovieDTO.swift; sourceTree = "<group>"; };
		8737A9C52A1A41680056C6A3 /* NetworkError.swift */ = {isa = PBXFileReference; lastKnownFileType = sourcecode.swift; path = NetworkError.swift; sourceTree = "<group>"; };
		8737A9C72A1A41720056C6A3 /* NetworkDispatcher.swift */ = {isa = PBXFileReference; lastKnownFileType = sourcecode.swift; path = NetworkDispatcher.swift; sourceTree = "<group>"; };
		8737A9CA2A1A418D0056C6A3 /* JSONDeserializer.swift */ = {isa = PBXFileReference; lastKnownFileType = sourcecode.swift; path = JSONDeserializer.swift; sourceTree = "<group>"; };
		8737A9CD2A1A41B40056C6A3 /* NetworkAPIManager.swift */ = {isa = PBXFileReference; lastKnownFileType = sourcecode.swift; path = NetworkAPIManager.swift; sourceTree = "<group>"; };
		8737A9D02A1A41D90056C6A3 /* EndPoint.swift */ = {isa = PBXFileReference; lastKnownFileType = sourcecode.swift; path = EndPoint.swift; sourceTree = "<group>"; };
		8737A9D32A1A41F90056C6A3 /* APIEndPoint.swift */ = {isa = PBXFileReference; lastKnownFileType = sourcecode.swift; path = APIEndPoint.swift; sourceTree = "<group>"; };
		8737A9D62A1A42B10056C6A3 /* URLResponse+.swift */ = {isa = PBXFileReference; lastKnownFileType = sourcecode.swift; path = "URLResponse+.swift"; sourceTree = "<group>"; };
		8737A9D82A1A44E00056C6A3 /* MovieRankAPIEndPoint.swift */ = {isa = PBXFileReference; lastKnownFileType = sourcecode.swift; path = MovieRankAPIEndPoint.swift; sourceTree = "<group>"; };
		87523B532A1E632A0002D471 /* MovieDetailFirstSectionViewDelegate.swift */ = {isa = PBXFileReference; lastKnownFileType = sourcecode.swift; path = MovieDetailFirstSectionViewDelegate.swift; sourceTree = "<group>"; };
		8755EE682A1B209100FA775E /* MovieDetailViewController.swift */ = {isa = PBXFileReference; lastKnownFileType = sourcecode.swift; path = MovieDetailViewController.swift; sourceTree = "<group>"; };
		8755EE6D2A1B3A9000FA775E /* MovieDetailCreditCell.swift */ = {isa = PBXFileReference; lastKnownFileType = sourcecode.swift; path = MovieDetailCreditCell.swift; sourceTree = "<group>"; };
		8755EE6F2A1B3AAE00FA775E /* MovieDetailFirstSectionView.swift */ = {isa = PBXFileReference; lastKnownFileType = sourcecode.swift; path = MovieDetailFirstSectionView.swift; sourceTree = "<group>"; };
		875746282A2085DF00836F85 /* MovieDetailController.swift */ = {isa = PBXFileReference; lastKnownFileType = sourcecode.swift; path = MovieDetailController.swift; sourceTree = "<group>"; };
		877D10E92A1C586B00622C84 /* MovieDetailFirstSectionCell.swift */ = {isa = PBXFileReference; lastKnownFileType = sourcecode.swift; path = MovieDetailFirstSectionCell.swift; sourceTree = "<group>"; };
		877D10EB2A1C791B00622C84 /* MovieDetailHeaderView.swift */ = {isa = PBXFileReference; lastKnownFileType = sourcecode.swift; path = MovieDetailHeaderView.swift; sourceTree = "<group>"; };
		878119852A235DF4005EA728 /* ImageCacheManager.swift */ = {isa = PBXFileReference; lastKnownFileType = sourcecode.swift; path = ImageCacheManager.swift; sourceTree = "<group>"; };
		8781198D2A239801005EA728 /* MovieGenreViewController.swift */ = {isa = PBXFileReference; lastKnownFileType = sourcecode.swift; path = MovieGenreViewController.swift; sourceTree = "<group>"; };
		878119902A2399C2005EA728 /* MovieGenreListCell.swift */ = {isa = PBXFileReference; lastKnownFileType = sourcecode.swift; path = MovieGenreListCell.swift; sourceTree = "<group>"; };
		878119922A23AB68005EA728 /* MovieGenreController.swift */ = {isa = PBXFileReference; lastKnownFileType = sourcecode.swift; path = MovieGenreController.swift; sourceTree = "<group>"; };
		87B74CA12A2060F6002878BB /* MovieHomeController.swift */ = {isa = PBXFileReference; lastKnownFileType = sourcecode.swift; path = MovieHomeController.swift; sourceTree = "<group>"; };
		87B74CA82A2061CD002878BB /* Item.swift */ = {isa = PBXFileReference; lastKnownFileType = sourcecode.swift; path = Item.swift; sourceTree = "<group>"; };
		87B74CAA2A2061DA002878BB /* Section.swift */ = {isa = PBXFileReference; lastKnownFileType = sourcecode.swift; path = Section.swift; sourceTree = "<group>"; };
		87B9D8C62A1B09C900BB5609 /* Genre.swift */ = {isa = PBXFileReference; lastKnownFileType = sourcecode.swift; path = Genre.swift; sourceTree = "<group>"; };
		87BFF3802A1CF8650045905C /* ViewMoreButton.swift */ = {isa = PBXFileReference; lastKnownFileType = sourcecode.swift; path = ViewMoreButton.swift; sourceTree = "<group>"; };
		87C408682A1DA78300C3F3D3 /* CircleImageView.swift */ = {isa = PBXFileReference; lastKnownFileType = sourcecode.swift; path = CircleImageView.swift; sourceTree = "<group>"; };
		87C4086A2A1DC8FF00C3F3D3 /* MovieAPIEndPoint.swift */ = {isa = PBXFileReference; lastKnownFileType = sourcecode.swift; path = MovieAPIEndPoint.swift; sourceTree = "<group>"; };
		87C4086C2A1DC98A00C3F3D3 /* MovieDetailsAPIEndPoint.swift */ = {isa = PBXFileReference; lastKnownFileType = sourcecode.swift; path = MovieDetailsAPIEndPoint.swift; sourceTree = "<group>"; };
		87C4086E2A1DCB7F00C3F3D3 /* MovieDetailsDTO.swift */ = {isa = PBXFileReference; lastKnownFileType = sourcecode.swift; path = MovieDetailsDTO.swift; sourceTree = "<group>"; };
		87C408702A1DDC4B00C3F3D3 /* MovieCreditsDTO.swift */ = {isa = PBXFileReference; lastKnownFileType = sourcecode.swift; path = MovieCreditsDTO.swift; sourceTree = "<group>"; };
		87C408722A1DDC5B00C3F3D3 /* MovieCreditsAPIEndPoint.swift */ = {isa = PBXFileReference; lastKnownFileType = sourcecode.swift; path = MovieCreditsAPIEndPoint.swift; sourceTree = "<group>"; };
		87C408742A1DDDE700C3F3D3 /* MovieCredit.swift */ = {isa = PBXFileReference; lastKnownFileType = sourcecode.swift; path = MovieCredit.swift; sourceTree = "<group>"; };
		87C408762A1E00E500C3F3D3 /* MovieGenresFooterView.swift */ = {isa = PBXFileReference; lastKnownFileType = sourcecode.swift; path = MovieGenresFooterView.swift; sourceTree = "<group>"; };
		87DCB9CA2A247F1C009F3CA4 /* MovieGenreHeaderView.swift */ = {isa = PBXFileReference; lastKnownFileType = sourcecode.swift; path = MovieGenreHeaderView.swift; sourceTree = "<group>"; };
		87DCB9CC2A24866C009F3CA4 /* MovieGenreSectionBackgroundDecorationView.swift */ = {isa = PBXFileReference; lastKnownFileType = sourcecode.swift; path = MovieGenreSectionBackgroundDecorationView.swift; sourceTree = "<group>"; };
		87E045FC2A20EA8400C95B57 /* MovieCertificationAPIEndPoint.swift */ = {isa = PBXFileReference; lastKnownFileType = sourcecode.swift; path = MovieCertificationAPIEndPoint.swift; sourceTree = "<group>"; };
		87E045FE2A20EB0C00C95B57 /* MovieCertificationDTO.swift */ = {isa = PBXFileReference; lastKnownFileType = sourcecode.swift; path = MovieCertificationDTO.swift; sourceTree = "<group>"; };
		87E3556D2A22F6850022A6EF /* USACertification.swift */ = {isa = PBXFileReference; lastKnownFileType = sourcecode.swift; path = USACertification.swift; sourceTree = "<group>"; };
		87E3556F2A230A7D0022A6EF /* MovieDetail.swift */ = {isa = PBXFileReference; lastKnownFileType = sourcecode.swift; path = MovieDetail.swift; sourceTree = "<group>"; };
		87E355712A2315930022A6EF /* PaddingLabel.swift */ = {isa = PBXFileReference; lastKnownFileType = sourcecode.swift; path = PaddingLabel.swift; sourceTree = "<group>"; };
		87E53F272A1EF82E00D78160 /* MovieGenresFooterViewDelegate.swift */ = {isa = PBXFileReference; lastKnownFileType = sourcecode.swift; path = MovieGenresFooterViewDelegate.swift; sourceTree = "<group>"; };
		87E53F292A1F36FC00D78160 /* MovieRankHeaderViewDelegate.swift */ = {isa = PBXFileReference; lastKnownFileType = sourcecode.swift; path = MovieRankHeaderViewDelegate.swift; sourceTree = "<group>"; };
		87E53F2B2A1F3AA000D78160 /* ButtonKind.swift */ = {isa = PBXFileReference; lastKnownFileType = sourcecode.swift; path = ButtonKind.swift; sourceTree = "<group>"; };
		87E53F2D2A1F3E1A00D78160 /* DateFormatter+.swift */ = {isa = PBXFileReference; lastKnownFileType = sourcecode.swift; path = "DateFormatter+.swift"; sourceTree = "<group>"; };
		87E53F2F2A1F3E9B00D78160 /* String+.swift */ = {isa = PBXFileReference; lastKnownFileType = sourcecode.swift; path = "String+.swift"; sourceTree = "<group>"; };
		87E53F362A1F531100D78160 /* RankSortButton.swift */ = {isa = PBXFileReference; lastKnownFileType = sourcecode.swift; path = RankSortButton.swift; sourceTree = "<group>"; };
		A3C934225B212D6A87349911 /* Pods-MiroCinemaTests.debug.xcconfig */ = {isa = PBXFileReference; includeInIndex = 1; lastKnownFileType = text.xcconfig; name = "Pods-MiroCinemaTests.debug.xcconfig"; path = "Target Support Files/Pods-MiroCinemaTests/Pods-MiroCinemaTests.debug.xcconfig"; sourceTree = "<group>"; };
		C2DC74EB7F1A4FA758EC75FE /* Pods-MiroCinema-MiroCinemaUITests.release.xcconfig */ = {isa = PBXFileReference; includeInIndex = 1; lastKnownFileType = text.xcconfig; name = "Pods-MiroCinema-MiroCinemaUITests.release.xcconfig"; path = "Target Support Files/Pods-MiroCinema-MiroCinemaUITests/Pods-MiroCinema-MiroCinemaUITests.release.xcconfig"; sourceTree = "<group>"; };
		E92049CBF5E906559EC07E40 /* Pods-MiroCinema.debug.xcconfig */ = {isa = PBXFileReference; includeInIndex = 1; lastKnownFileType = text.xcconfig; name = "Pods-MiroCinema.debug.xcconfig"; path = "Target Support Files/Pods-MiroCinema/Pods-MiroCinema.debug.xcconfig"; sourceTree = "<group>"; };
/* End PBXFileReference section */

/* Begin PBXFrameworksBuildPhase section */
		8704A48A2A14DD68000AB7F5 /* Frameworks */ = {
			isa = PBXFrameworksBuildPhase;
			buildActionMask = 2147483647;
			files = (
				4551A153836C312D6422553F /* Pods_MiroCinema.framework in Frameworks */,
			);
			runOnlyForDeploymentPostprocessing = 0;
		};
		8704A4A32A14DD69000AB7F5 /* Frameworks */ = {
			isa = PBXFrameworksBuildPhase;
			buildActionMask = 2147483647;
			files = (
				AF480D76A88F779AE0314B8D /* Pods_MiroCinemaTests.framework in Frameworks */,
			);
			runOnlyForDeploymentPostprocessing = 0;
		};
		8704A4AD2A14DD69000AB7F5 /* Frameworks */ = {
			isa = PBXFrameworksBuildPhase;
			buildActionMask = 2147483647;
			files = (
				808232DCC0B16E1751DFBD64 /* Pods_MiroCinema_MiroCinemaUITests.framework in Frameworks */,
			);
			runOnlyForDeploymentPostprocessing = 0;
		};
/* End PBXFrameworksBuildPhase section */

/* Begin PBXGroup section */
		4898EA3C296891562B67A317 /* Pods */ = {
			isa = PBXGroup;
			children = (
				E92049CBF5E906559EC07E40 /* Pods-MiroCinema.debug.xcconfig */,
				19989E486737415106FB45D8 /* Pods-MiroCinema.release.xcconfig */,
				149C8AA66BABA455BB46AF23 /* Pods-MiroCinema-MiroCinemaUITests.debug.xcconfig */,
				C2DC74EB7F1A4FA758EC75FE /* Pods-MiroCinema-MiroCinemaUITests.release.xcconfig */,
				A3C934225B212D6A87349911 /* Pods-MiroCinemaTests.debug.xcconfig */,
				864256051838767F7A93B860 /* Pods-MiroCinemaTests.release.xcconfig */,
			);
			path = Pods;
			sourceTree = "<group>";
		};
		8704A4842A14DD68000AB7F5 = {
			isa = PBXGroup;
			children = (
				8704A48F2A14DD68000AB7F5 /* MiroCinema */,
				8704A4A92A14DD69000AB7F5 /* MiroCinemaTests */,
				8704A4B32A14DD69000AB7F5 /* MiroCinemaUITests */,
				8704A48E2A14DD68000AB7F5 /* Products */,
				4898EA3C296891562B67A317 /* Pods */,
				F96B7E6861C4370F8639410A /* Frameworks */,
			);
			sourceTree = "<group>";
		};
		8704A48E2A14DD68000AB7F5 /* Products */ = {
			isa = PBXGroup;
			children = (
				8704A48D2A14DD68000AB7F5 /* MiroCinema.app */,
				8704A4A62A14DD69000AB7F5 /* MiroCinemaTests.xctest */,
				8704A4B02A14DD69000AB7F5 /* MiroCinemaUITests.xctest */,
			);
			name = Products;
			sourceTree = "<group>";
		};
		8704A48F2A14DD68000AB7F5 /* MiroCinema */ = {
			isa = PBXGroup;
			children = (
				878119872A235EFE005EA728 /* Cache */,
				8737A9BD2A1A3BB40056C6A3 /* Model */,
				87B9D8C52A1B09B900BB5609 /* Enum */,
				8737A9D52A1A42940056C6A3 /* Extensions */,
				8737A9C42A1A41520056C6A3 /* Networking */,
				8737A9B72A1A3B210056C6A3 /* Scenes */,
				8704A4902A14DD68000AB7F5 /* AppDelegate.swift */,
				8704A4922A14DD68000AB7F5 /* SceneDelegate.swift */,
				8704A49C2A14DD69000AB7F5 /* Assets.xcassets */,
				8704A49E2A14DD69000AB7F5 /* LaunchScreen.storyboard */,
				8704A4A12A14DD69000AB7F5 /* Info.plist */,
				8704A4992A14DD68000AB7F5 /* MiroCinema.xcdatamodeld */,
			);
			path = MiroCinema;
			sourceTree = "<group>";
		};
		8704A4A92A14DD69000AB7F5 /* MiroCinemaTests */ = {
			isa = PBXGroup;
			children = (
				8704A4AA2A14DD69000AB7F5 /* MiroCinemaTests.swift */,
			);
			path = MiroCinemaTests;
			sourceTree = "<group>";
		};
		8704A4B32A14DD69000AB7F5 /* MiroCinemaUITests */ = {
			isa = PBXGroup;
			children = (
				8704A4B42A14DD69000AB7F5 /* MiroCinemaUITests.swift */,
				8704A4B62A14DD69000AB7F5 /* MiroCinemaUITestsLaunchTests.swift */,
			);
			path = MiroCinemaUITests;
			sourceTree = "<group>";
		};
		8737A9B72A1A3B210056C6A3 /* Scenes */ = {
			isa = PBXGroup;
			children = (
				878119892A239751005EA728 /* MovieGenre */,
				8737A9B92A1A3B480056C6A3 /* MovieDetail */,
				8737A9B82A1A3B390056C6A3 /* Home */,
			);
			path = Scenes;
			sourceTree = "<group>";
		};
		8737A9B82A1A3B390056C6A3 /* Home */ = {
			isa = PBXGroup;
			children = (
				87E53F352A1F52FA00D78160 /* Button */,
				87E53F262A1EF81C00D78160 /* Protocol */,
				8737A9BC2A1A3B980056C6A3 /* View */,
				8737A9BB2A1A3B7F0056C6A3 /* Cell */,
				8737A9BA2A1A3B5B0056C6A3 /* ViewController */,
				87B74CA02A2060CF002878BB /* Controller */,
			);
			path = Home;
			sourceTree = "<group>";
		};
		8737A9B92A1A3B480056C6A3 /* MovieDetail */ = {
			isa = PBXGroup;
			children = (
				875746272A2085CD00836F85 /* Controller */,
				87523B522A1E63050002D471 /* Protocol */,
				8755EE6C2A1B3A6200FA775E /* View */,
				8755EE6B2A1B3A5D00FA775E /* Cell */,
				8755EE6A2A1B3A5500FA775E /* ViewController */,
			);
			path = MovieDetail;
			sourceTree = "<group>";
		};
		8737A9BA2A1A3B5B0056C6A3 /* ViewController */ = {
			isa = PBXGroup;
			children = (
				8704A4942A14DD68000AB7F5 /* MovieHomeViewController.swift */,
			);
			path = ViewController;
			sourceTree = "<group>";
		};
		8737A9BB2A1A3B7F0056C6A3 /* Cell */ = {
			isa = PBXGroup;
			children = (
				870C771D2A160DE2009ACD92 /* MovieGenresCollectionViewCell.swift */,
				870C771B2A15DF46009ACD92 /* MovieRankCollectionViewCell.swift */,
			);
			path = Cell;
			sourceTree = "<group>";
		};
		8737A9BC2A1A3B980056C6A3 /* View */ = {
			isa = PBXGroup;
			children = (
				870C77192A15DF29009ACD92 /* MovieRankHeaderView.swift */,
				870C771F2A160DF4009ACD92 /* MovieHomeGenresHeaderView.swift */,
				87C408762A1E00E500C3F3D3 /* MovieGenresFooterView.swift */,
			);
			path = View;
			sourceTree = "<group>";
		};
		8737A9BD2A1A3BB40056C6A3 /* Model */ = {
			isa = PBXGroup;
			children = (
				8737A9BE2A1A3BC90056C6A3 /* MoviesDTO.swift */,
				87C408702A1DDC4B00C3F3D3 /* MovieCreditsDTO.swift */,
				87C4086E2A1DCB7F00C3F3D3 /* MovieDetailsDTO.swift */,
				8737A9C22A1A41110056C6A3 /* MovieDTO.swift */,
				87E045FE2A20EB0C00C95B57 /* MovieCertificationDTO.swift */,
				87C408742A1DDDE700C3F3D3 /* MovieCredit.swift */,
				87E3556F2A230A7D0022A6EF /* MovieDetail.swift */,
				8704E9D12A1A6264002A7D22 /* Movie.swift */,
			);
			path = Model;
			sourceTree = "<group>";
		};
		8737A9C42A1A41520056C6A3 /* Networking */ = {
			isa = PBXGroup;
			children = (
				8737A9D22A1A41E90056C6A3 /* Interface */,
				8737A9CF2A1A41C60056C6A3 /* EndPoint */,
				8737A9C92A1A417B0056C6A3 /* Decoding */,
				8737A9C52A1A41680056C6A3 /* NetworkError.swift */,
				8737A9C72A1A41720056C6A3 /* NetworkDispatcher.swift */,
				8737A9CD2A1A41B40056C6A3 /* NetworkAPIManager.swift */,
			);
			path = Networking;
			sourceTree = "<group>";
		};
		8737A9C92A1A417B0056C6A3 /* Decoding */ = {
			isa = PBXGroup;
			children = (
				8737A9CA2A1A418D0056C6A3 /* JSONDeserializer.swift */,
			);
			path = Decoding;
			sourceTree = "<group>";
		};
		8737A9CF2A1A41C60056C6A3 /* EndPoint */ = {
			isa = PBXGroup;
			children = (
				8737A9D02A1A41D90056C6A3 /* EndPoint.swift */,
				8737A9D82A1A44E00056C6A3 /* MovieRankAPIEndPoint.swift */,
				87E045FC2A20EA8400C95B57 /* MovieCertificationAPIEndPoint.swift */,
				8704E9CD2A1A579B002A7D22 /* MovieGenreAPIEndPoint.swift */,
				8704E9CF2A1A5FED002A7D22 /* MovieImageAPIEndPoint.swift */,
				87C4086C2A1DC98A00C3F3D3 /* MovieDetailsAPIEndPoint.swift */,
				87C408722A1DDC5B00C3F3D3 /* MovieCreditsAPIEndPoint.swift */,
			);
			path = EndPoint;
			sourceTree = "<group>";
		};
		8737A9D22A1A41E90056C6A3 /* Interface */ = {
			isa = PBXGroup;
			children = (
				8737A9D32A1A41F90056C6A3 /* APIEndPoint.swift */,
				87C4086A2A1DC8FF00C3F3D3 /* MovieAPIEndPoint.swift */,
			);
			path = Interface;
			sourceTree = "<group>";
		};
		8737A9D52A1A42940056C6A3 /* Extensions */ = {
			isa = PBXGroup;
			children = (
				8737A9D62A1A42B10056C6A3 /* URLResponse+.swift */,
				87E53F2D2A1F3E1A00D78160 /* DateFormatter+.swift */,
				87E53F2F2A1F3E9B00D78160 /* String+.swift */,
			);
			path = Extensions;
			sourceTree = "<group>";
		};
		87523B522A1E63050002D471 /* Protocol */ = {
			isa = PBXGroup;
			children = (
				87523B532A1E632A0002D471 /* MovieDetailFirstSectionViewDelegate.swift */,
			);
			path = Protocol;
			sourceTree = "<group>";
		};
		8755EE6A2A1B3A5500FA775E /* ViewController */ = {
			isa = PBXGroup;
			children = (
				8755EE682A1B209100FA775E /* MovieDetailViewController.swift */,
			);
			path = ViewController;
			sourceTree = "<group>";
		};
		8755EE6B2A1B3A5D00FA775E /* Cell */ = {
			isa = PBXGroup;
			children = (
				8755EE6D2A1B3A9000FA775E /* MovieDetailCreditCell.swift */,
				877D10E92A1C586B00622C84 /* MovieDetailFirstSectionCell.swift */,
			);
			path = Cell;
			sourceTree = "<group>";
		};
		8755EE6C2A1B3A6200FA775E /* View */ = {
			isa = PBXGroup;
			children = (
				8755EE6F2A1B3AAE00FA775E /* MovieDetailFirstSectionView.swift */,
				877D10EB2A1C791B00622C84 /* MovieDetailHeaderView.swift */,
				87BFF3802A1CF8650045905C /* ViewMoreButton.swift */,
				87E355712A2315930022A6EF /* PaddingLabel.swift */,
				87C408682A1DA78300C3F3D3 /* CircleImageView.swift */,
			);
			path = View;
			sourceTree = "<group>";
		};
		875746272A2085CD00836F85 /* Controller */ = {
			isa = PBXGroup;
			children = (
				875746282A2085DF00836F85 /* MovieDetailController.swift */,
			);
			path = Controller;
			sourceTree = "<group>";
		};
		878119842A235DCF005EA728 /* ImageCache */ = {
			isa = PBXGroup;
			children = (
				878119852A235DF4005EA728 /* ImageCacheManager.swift */,
			);
			path = ImageCache;
			sourceTree = "<group>";
		};
		878119872A235EFE005EA728 /* Cache */ = {
			isa = PBXGroup;
			children = (
				878119842A235DCF005EA728 /* ImageCache */,
			);
			path = Cache;
			sourceTree = "<group>";
		};
		878119892A239751005EA728 /* MovieGenre */ = {
			isa = PBXGroup;
			children = (
				8781198F2A23999F005EA728 /* Cell */,
				8781198B2A239772005EA728 /* Controller */,
				8781198C2A23977E005EA728 /* View */,
				8781198A2A23975F005EA728 /* ViewController */,
			);
			path = MovieGenre;
			sourceTree = "<group>";
		};
		8781198A2A23975F005EA728 /* ViewController */ = {
			isa = PBXGroup;
			children = (
				8781198D2A239801005EA728 /* MovieGenreViewController.swift */,
			);
			path = ViewController;
			sourceTree = "<group>";
		};
		8781198B2A239772005EA728 /* Controller */ = {
			isa = PBXGroup;
			children = (
				878119922A23AB68005EA728 /* MovieGenreController.swift */,
			);
			path = Controller;
			sourceTree = "<group>";
		};
		8781198C2A23977E005EA728 /* View */ = {
			isa = PBXGroup;
			children = (
				87DCB9CA2A247F1C009F3CA4 /* MovieGenreHeaderView.swift */,
				87DCB9CC2A24866C009F3CA4 /* MovieGenreSectionBackgroundDecorationView.swift */,
			);
			path = View;
			sourceTree = "<group>";
		};
		8781198F2A23999F005EA728 /* Cell */ = {
			isa = PBXGroup;
			children = (
				878119902A2399C2005EA728 /* MovieGenreListCell.swift */,
			);
			path = Cell;
			sourceTree = "<group>";
		};
		87B74CA02A2060CF002878BB /* Controller */ = {
			isa = PBXGroup;
			children = (
				87B74CA12A2060F6002878BB /* MovieHomeController.swift */,
			);
			path = Controller;
			sourceTree = "<group>";
		};
		87B9D8C52A1B09B900BB5609 /* Enum */ = {
			isa = PBXGroup;
			children = (
				87B9D8C62A1B09C900BB5609 /* Genre.swift */,
				87B74CA82A2061CD002878BB /* Item.swift */,
				87E53F2B2A1F3AA000D78160 /* ButtonKind.swift */,
				87B74CAA2A2061DA002878BB /* Section.swift */,
				87E3556D2A22F6850022A6EF /* USACertification.swift */,
			);
			path = Enum;
			sourceTree = "<group>";
		};
		87E53F262A1EF81C00D78160 /* Protocol */ = {
			isa = PBXGroup;
			children = (
				87E53F272A1EF82E00D78160 /* MovieGenresFooterViewDelegate.swift */,
				87E53F292A1F36FC00D78160 /* MovieRankHeaderViewDelegate.swift */,
			);
			path = Protocol;
			sourceTree = "<group>";
		};
		87E53F352A1F52FA00D78160 /* Button */ = {
			isa = PBXGroup;
			children = (
				87E53F362A1F531100D78160 /* RankSortButton.swift */,
			);
			path = Button;
			sourceTree = "<group>";
		};
		F96B7E6861C4370F8639410A /* Frameworks */ = {
			isa = PBXGroup;
			children = (
				216F68053EABA016385AC329 /* Pods_MiroCinema.framework */,
				0B0B66B41DC6BBD2EC131A53 /* Pods_MiroCinema_MiroCinemaUITests.framework */,
				0AAA9419009FD66D5E0FB5D0 /* Pods_MiroCinemaTests.framework */,
			);
			name = Frameworks;
			sourceTree = "<group>";
		};
/* End PBXGroup section */

/* Begin PBXNativeTarget section */
		8704A48C2A14DD68000AB7F5 /* MiroCinema */ = {
			isa = PBXNativeTarget;
			buildConfigurationList = 8704A4BA2A14DD69000AB7F5 /* Build configuration list for PBXNativeTarget "MiroCinema" */;
			buildPhases = (
				3DFC36C7B61839F2655E2BF1 /* [CP] Check Pods Manifest.lock */,
				8704A4892A14DD68000AB7F5 /* Sources */,
				8704A48A2A14DD68000AB7F5 /* Frameworks */,
				8704A48B2A14DD68000AB7F5 /* Resources */,
				E9AD38F71317E51D68D0306F /* [CP] Embed Pods Frameworks */,
			);
			buildRules = (
			);
			dependencies = (
			);
			name = MiroCinema;
			productName = MiroCinema;
			productReference = 8704A48D2A14DD68000AB7F5 /* MiroCinema.app */;
			productType = "com.apple.product-type.application";
		};
		8704A4A52A14DD69000AB7F5 /* MiroCinemaTests */ = {
			isa = PBXNativeTarget;
			buildConfigurationList = 8704A4BD2A14DD69000AB7F5 /* Build configuration list for PBXNativeTarget "MiroCinemaTests" */;
			buildPhases = (
				77446DE8397B2FDC61A8D2D6 /* [CP] Check Pods Manifest.lock */,
				8704A4A22A14DD69000AB7F5 /* Sources */,
				8704A4A32A14DD69000AB7F5 /* Frameworks */,
				8704A4A42A14DD69000AB7F5 /* Resources */,
			);
			buildRules = (
			);
			dependencies = (
				8704A4A82A14DD69000AB7F5 /* PBXTargetDependency */,
			);
			name = MiroCinemaTests;
			productName = MiroCinemaTests;
			productReference = 8704A4A62A14DD69000AB7F5 /* MiroCinemaTests.xctest */;
			productType = "com.apple.product-type.bundle.unit-test";
		};
		8704A4AF2A14DD69000AB7F5 /* MiroCinemaUITests */ = {
			isa = PBXNativeTarget;
			buildConfigurationList = 8704A4C02A14DD69000AB7F5 /* Build configuration list for PBXNativeTarget "MiroCinemaUITests" */;
			buildPhases = (
				9E00327CEA89FEEB92D5ADBA /* [CP] Check Pods Manifest.lock */,
				8704A4AC2A14DD69000AB7F5 /* Sources */,
				8704A4AD2A14DD69000AB7F5 /* Frameworks */,
				8704A4AE2A14DD69000AB7F5 /* Resources */,
				8C6AA4752F9BFCFDF5FD5575 /* [CP] Embed Pods Frameworks */,
			);
			buildRules = (
			);
			dependencies = (
				8704A4B22A14DD69000AB7F5 /* PBXTargetDependency */,
			);
			name = MiroCinemaUITests;
			productName = MiroCinemaUITests;
			productReference = 8704A4B02A14DD69000AB7F5 /* MiroCinemaUITests.xctest */;
			productType = "com.apple.product-type.bundle.ui-testing";
		};
/* End PBXNativeTarget section */

/* Begin PBXProject section */
		8704A4852A14DD68000AB7F5 /* Project object */ = {
			isa = PBXProject;
			attributes = {
				BuildIndependentTargetsInParallel = 1;
				LastSwiftUpdateCheck = 1430;
				LastUpgradeCheck = 1430;
				TargetAttributes = {
					8704A48C2A14DD68000AB7F5 = {
						CreatedOnToolsVersion = 14.3;
					};
					8704A4A52A14DD69000AB7F5 = {
						CreatedOnToolsVersion = 14.3;
						TestTargetID = 8704A48C2A14DD68000AB7F5;
					};
					8704A4AF2A14DD69000AB7F5 = {
						CreatedOnToolsVersion = 14.3;
						TestTargetID = 8704A48C2A14DD68000AB7F5;
					};
				};
			};
			buildConfigurationList = 8704A4882A14DD68000AB7F5 /* Build configuration list for PBXProject "MiroCinema" */;
			compatibilityVersion = "Xcode 13.0";
			developmentRegion = en;
			hasScannedForEncodings = 0;
			knownRegions = (
				en,
				Base,
			);
			mainGroup = 8704A4842A14DD68000AB7F5;
			productRefGroup = 8704A48E2A14DD68000AB7F5 /* Products */;
			projectDirPath = "";
			projectRoot = "";
			targets = (
				8704A48C2A14DD68000AB7F5 /* MiroCinema */,
				8704A4A52A14DD69000AB7F5 /* MiroCinemaTests */,
				8704A4AF2A14DD69000AB7F5 /* MiroCinemaUITests */,
			);
		};
/* End PBXProject section */

/* Begin PBXResourcesBuildPhase section */
		8704A48B2A14DD68000AB7F5 /* Resources */ = {
			isa = PBXResourcesBuildPhase;
			buildActionMask = 2147483647;
			files = (
				8704A4A02A14DD69000AB7F5 /* LaunchScreen.storyboard in Resources */,
				8704A49D2A14DD69000AB7F5 /* Assets.xcassets in Resources */,
			);
			runOnlyForDeploymentPostprocessing = 0;
		};
		8704A4A42A14DD69000AB7F5 /* Resources */ = {
			isa = PBXResourcesBuildPhase;
			buildActionMask = 2147483647;
			files = (
			);
			runOnlyForDeploymentPostprocessing = 0;
		};
		8704A4AE2A14DD69000AB7F5 /* Resources */ = {
			isa = PBXResourcesBuildPhase;
			buildActionMask = 2147483647;
			files = (
			);
			runOnlyForDeploymentPostprocessing = 0;
		};
/* End PBXResourcesBuildPhase section */

/* Begin PBXShellScriptBuildPhase section */
		3DFC36C7B61839F2655E2BF1 /* [CP] Check Pods Manifest.lock */ = {
			isa = PBXShellScriptBuildPhase;
			buildActionMask = 2147483647;
			files = (
			);
			inputFileListPaths = (
			);
			inputPaths = (
				"${PODS_PODFILE_DIR_PATH}/Podfile.lock",
				"${PODS_ROOT}/Manifest.lock",
			);
			name = "[CP] Check Pods Manifest.lock";
			outputFileListPaths = (
			);
			outputPaths = (
				"$(DERIVED_FILE_DIR)/Pods-MiroCinema-checkManifestLockResult.txt",
			);
			runOnlyForDeploymentPostprocessing = 0;
			shellPath = /bin/sh;
			shellScript = "diff \"${PODS_PODFILE_DIR_PATH}/Podfile.lock\" \"${PODS_ROOT}/Manifest.lock\" > /dev/null\nif [ $? != 0 ] ; then\n    # print error to STDERR\n    echo \"error: The sandbox is not in sync with the Podfile.lock. Run 'pod install' or update your CocoaPods installation.\" >&2\n    exit 1\nfi\n# This output is used by Xcode 'outputs' to avoid re-running this script phase.\necho \"SUCCESS\" > \"${SCRIPT_OUTPUT_FILE_0}\"\n";
			showEnvVarsInLog = 0;
		};
		77446DE8397B2FDC61A8D2D6 /* [CP] Check Pods Manifest.lock */ = {
			isa = PBXShellScriptBuildPhase;
			buildActionMask = 2147483647;
			files = (
			);
			inputFileListPaths = (
			);
			inputPaths = (
				"${PODS_PODFILE_DIR_PATH}/Podfile.lock",
				"${PODS_ROOT}/Manifest.lock",
			);
			name = "[CP] Check Pods Manifest.lock";
			outputFileListPaths = (
			);
			outputPaths = (
				"$(DERIVED_FILE_DIR)/Pods-MiroCinemaTests-checkManifestLockResult.txt",
			);
			runOnlyForDeploymentPostprocessing = 0;
			shellPath = /bin/sh;
			shellScript = "diff \"${PODS_PODFILE_DIR_PATH}/Podfile.lock\" \"${PODS_ROOT}/Manifest.lock\" > /dev/null\nif [ $? != 0 ] ; then\n    # print error to STDERR\n    echo \"error: The sandbox is not in sync with the Podfile.lock. Run 'pod install' or update your CocoaPods installation.\" >&2\n    exit 1\nfi\n# This output is used by Xcode 'outputs' to avoid re-running this script phase.\necho \"SUCCESS\" > \"${SCRIPT_OUTPUT_FILE_0}\"\n";
			showEnvVarsInLog = 0;
		};
		8C6AA4752F9BFCFDF5FD5575 /* [CP] Embed Pods Frameworks */ = {
			isa = PBXShellScriptBuildPhase;
			buildActionMask = 2147483647;
			files = (
			);
			inputFileListPaths = (
				"${PODS_ROOT}/Target Support Files/Pods-MiroCinema-MiroCinemaUITests/Pods-MiroCinema-MiroCinemaUITests-frameworks-${CONFIGURATION}-input-files.xcfilelist",
			);
			name = "[CP] Embed Pods Frameworks";
			outputFileListPaths = (
				"${PODS_ROOT}/Target Support Files/Pods-MiroCinema-MiroCinemaUITests/Pods-MiroCinema-MiroCinemaUITests-frameworks-${CONFIGURATION}-output-files.xcfilelist",
			);
			runOnlyForDeploymentPostprocessing = 0;
			shellPath = /bin/sh;
			shellScript = "\"${PODS_ROOT}/Target Support Files/Pods-MiroCinema-MiroCinemaUITests/Pods-MiroCinema-MiroCinemaUITests-frameworks.sh\"\n";
			showEnvVarsInLog = 0;
		};
		9E00327CEA89FEEB92D5ADBA /* [CP] Check Pods Manifest.lock */ = {
			isa = PBXShellScriptBuildPhase;
			buildActionMask = 2147483647;
			files = (
			);
			inputFileListPaths = (
			);
			inputPaths = (
				"${PODS_PODFILE_DIR_PATH}/Podfile.lock",
				"${PODS_ROOT}/Manifest.lock",
			);
			name = "[CP] Check Pods Manifest.lock";
			outputFileListPaths = (
			);
			outputPaths = (
				"$(DERIVED_FILE_DIR)/Pods-MiroCinema-MiroCinemaUITests-checkManifestLockResult.txt",
			);
			runOnlyForDeploymentPostprocessing = 0;
			shellPath = /bin/sh;
			shellScript = "diff \"${PODS_PODFILE_DIR_PATH}/Podfile.lock\" \"${PODS_ROOT}/Manifest.lock\" > /dev/null\nif [ $? != 0 ] ; then\n    # print error to STDERR\n    echo \"error: The sandbox is not in sync with the Podfile.lock. Run 'pod install' or update your CocoaPods installation.\" >&2\n    exit 1\nfi\n# This output is used by Xcode 'outputs' to avoid re-running this script phase.\necho \"SUCCESS\" > \"${SCRIPT_OUTPUT_FILE_0}\"\n";
			showEnvVarsInLog = 0;
		};
		E9AD38F71317E51D68D0306F /* [CP] Embed Pods Frameworks */ = {
			isa = PBXShellScriptBuildPhase;
			buildActionMask = 2147483647;
			files = (
			);
			inputFileListPaths = (
				"${PODS_ROOT}/Target Support Files/Pods-MiroCinema/Pods-MiroCinema-frameworks-${CONFIGURATION}-input-files.xcfilelist",
			);
			name = "[CP] Embed Pods Frameworks";
			outputFileListPaths = (
				"${PODS_ROOT}/Target Support Files/Pods-MiroCinema/Pods-MiroCinema-frameworks-${CONFIGURATION}-output-files.xcfilelist",
			);
			runOnlyForDeploymentPostprocessing = 0;
			shellPath = /bin/sh;
			shellScript = "\"${PODS_ROOT}/Target Support Files/Pods-MiroCinema/Pods-MiroCinema-frameworks.sh\"\n";
			showEnvVarsInLog = 0;
		};
/* End PBXShellScriptBuildPhase section */

/* Begin PBXSourcesBuildPhase section */
		8704A4892A14DD68000AB7F5 /* Sources */ = {
			isa = PBXSourcesBuildPhase;
			buildActionMask = 2147483647;
			files = (
				878119862A235DF4005EA728 /* ImageCacheManager.swift in Sources */,
				87C408712A1DDC4B00C3F3D3 /* MovieCreditsDTO.swift in Sources */,
				870C77202A160DF5009ACD92 /* MovieHomeGenresHeaderView.swift in Sources */,
				87C408752A1DDDE700C3F3D3 /* MovieCredit.swift in Sources */,
				8755EE6E2A1B3A9000FA775E /* MovieDetailCreditCell.swift in Sources */,
				87E53F282A1EF82E00D78160 /* MovieGenresFooterViewDelegate.swift in Sources */,
				87E045FD2A20EA8400C95B57 /* MovieCertificationAPIEndPoint.swift in Sources */,
				8704A4952A14DD68000AB7F5 /* MovieHomeViewController.swift in Sources */,
				8737A9BF2A1A3BC90056C6A3 /* MoviesDTO.swift in Sources */,
				87E53F2C2A1F3AA000D78160 /* ButtonKind.swift in Sources */,
				87B9D8C72A1B09C900BB5609 /* Genre.swift in Sources */,
				87C4086F2A1DCB7F00C3F3D3 /* MovieDetailsDTO.swift in Sources */,
				87B74CA92A2061CD002878BB /* Item.swift in Sources */,
				8755EE692A1B209100FA775E /* MovieDetailViewController.swift in Sources */,
				87E53F2A2A1F36FC00D78160 /* MovieRankHeaderViewDelegate.swift in Sources */,
				878119912A2399C2005EA728 /* MovieGenreListCell.swift in Sources */,
				87E045FF2A20EB0C00C95B57 /* MovieCertificationDTO.swift in Sources */,
				8737A9D92A1A44E00056C6A3 /* MovieRankAPIEndPoint.swift in Sources */,
				875746292A2085DF00836F85 /* MovieDetailController.swift in Sources */,
				8737A9C82A1A41720056C6A3 /* NetworkDispatcher.swift in Sources */,
				87B74CAB2A2061DA002878BB /* Section.swift in Sources */,
				8755EE702A1B3AAE00FA775E /* MovieDetailFirstSectionView.swift in Sources */,
				8704E9D02A1A5FED002A7D22 /* MovieImageAPIEndPoint.swift in Sources */,
				87C4086B2A1DC8FF00C3F3D3 /* MovieAPIEndPoint.swift in Sources */,
				8737A9CB2A1A418D0056C6A3 /* JSONDeserializer.swift in Sources */,
				877D10EC2A1C791B00622C84 /* MovieDetailHeaderView.swift in Sources */,
				8704A4912A14DD68000AB7F5 /* AppDelegate.swift in Sources */,
				87BFF3812A1CF8650045905C /* ViewMoreButton.swift in Sources */,
				8737A9C32A1A41110056C6A3 /* MovieDTO.swift in Sources */,
				87C408692A1DA78300C3F3D3 /* CircleImageView.swift in Sources */,
				8737A9D42A1A41F90056C6A3 /* APIEndPoint.swift in Sources */,
				870C771E2A160DE2009ACD92 /* MovieGenresCollectionViewCell.swift in Sources */,
				8704E9CE2A1A579B002A7D22 /* MovieGenreAPIEndPoint.swift in Sources */,
				8704A4932A14DD68000AB7F5 /* SceneDelegate.swift in Sources */,
				87C4086D2A1DC98A00C3F3D3 /* MovieDetailsAPIEndPoint.swift in Sources */,
				8737A9D72A1A42B10056C6A3 /* URLResponse+.swift in Sources */,
				87E3556E2A22F6850022A6EF /* USACertification.swift in Sources */,
				877D10EA2A1C586B00622C84 /* MovieDetailFirstSectionCell.swift in Sources */,
				87E355722A2315930022A6EF /* PaddingLabel.swift in Sources */,
				87DCB9CD2A24866C009F3CA4 /* MovieGenreSectionBackgroundDecorationView.swift in Sources */,
				8704E9D22A1A6264002A7D22 /* Movie.swift in Sources */,
				8704A49B2A14DD68000AB7F5 /* MiroCinema.xcdatamodeld in Sources */,
				8737A9CE2A1A41B40056C6A3 /* NetworkAPIManager.swift in Sources */,
				87DCB9CB2A247F1C009F3CA4 /* MovieGenreHeaderView.swift in Sources */,
				870C771A2A15DF29009ACD92 /* MovieRankHeaderView.swift in Sources */,
				8737A9D12A1A41D90056C6A3 /* EndPoint.swift in Sources */,
				87523B542A1E632A0002D471 /* MovieDetailFirstSectionViewDelegate.swift in Sources */,
				87E53F372A1F531100D78160 /* RankSortButton.swift in Sources */,
				87C408772A1E00E500C3F3D3 /* MovieGenresFooterView.swift in Sources */,
				87C408732A1DDC5B00C3F3D3 /* MovieCreditsAPIEndPoint.swift in Sources */,
				8737A9C62A1A41680056C6A3 /* NetworkError.swift in Sources */,
				87E53F2E2A1F3E1A00D78160 /* DateFormatter+.swift in Sources */,
				878119932A23AB68005EA728 /* MovieGenreController.swift in Sources */,
				87B74CA22A2060F6002878BB /* MovieHomeController.swift in Sources */,
				87E355702A230A7D0022A6EF /* MovieDetail.swift in Sources */,
				87E53F302A1F3E9C00D78160 /* String+.swift in Sources */,
				8781198E2A239801005EA728 /* MovieGenreViewController.swift in Sources */,
				870C771C2A15DF46009ACD92 /* MovieRankCollectionViewCell.swift in Sources */,
			);
			runOnlyForDeploymentPostprocessing = 0;
		};
		8704A4A22A14DD69000AB7F5 /* Sources */ = {
			isa = PBXSourcesBuildPhase;
			buildActionMask = 2147483647;
			files = (
				8704A4AB2A14DD69000AB7F5 /* MiroCinemaTests.swift in Sources */,
			);
			runOnlyForDeploymentPostprocessing = 0;
		};
		8704A4AC2A14DD69000AB7F5 /* Sources */ = {
			isa = PBXSourcesBuildPhase;
			buildActionMask = 2147483647;
			files = (
				8704A4B72A14DD69000AB7F5 /* MiroCinemaUITestsLaunchTests.swift in Sources */,
				8704A4B52A14DD69000AB7F5 /* MiroCinemaUITests.swift in Sources */,
			);
			runOnlyForDeploymentPostprocessing = 0;
		};
/* End PBXSourcesBuildPhase section */

/* Begin PBXTargetDependency section */
		8704A4A82A14DD69000AB7F5 /* PBXTargetDependency */ = {
			isa = PBXTargetDependency;
			target = 8704A48C2A14DD68000AB7F5 /* MiroCinema */;
			targetProxy = 8704A4A72A14DD69000AB7F5 /* PBXContainerItemProxy */;
		};
		8704A4B22A14DD69000AB7F5 /* PBXTargetDependency */ = {
			isa = PBXTargetDependency;
			target = 8704A48C2A14DD68000AB7F5 /* MiroCinema */;
			targetProxy = 8704A4B12A14DD69000AB7F5 /* PBXContainerItemProxy */;
		};
/* End PBXTargetDependency section */

/* Begin PBXVariantGroup section */
		8704A49E2A14DD69000AB7F5 /* LaunchScreen.storyboard */ = {
			isa = PBXVariantGroup;
			children = (
				8704A49F2A14DD69000AB7F5 /* Base */,
			);
			name = LaunchScreen.storyboard;
			sourceTree = "<group>";
		};
/* End PBXVariantGroup section */

/* Begin XCBuildConfiguration section */
		8704A4B82A14DD69000AB7F5 /* Debug */ = {
			isa = XCBuildConfiguration;
			buildSettings = {
				ALWAYS_SEARCH_USER_PATHS = NO;
				CLANG_ANALYZER_NONNULL = YES;
				CLANG_ANALYZER_NUMBER_OBJECT_CONVERSION = YES_AGGRESSIVE;
				CLANG_CXX_LANGUAGE_STANDARD = "gnu++20";
				CLANG_ENABLE_MODULES = YES;
				CLANG_ENABLE_OBJC_ARC = YES;
				CLANG_ENABLE_OBJC_WEAK = YES;
				CLANG_WARN_BLOCK_CAPTURE_AUTORELEASING = YES;
				CLANG_WARN_BOOL_CONVERSION = YES;
				CLANG_WARN_COMMA = YES;
				CLANG_WARN_CONSTANT_CONVERSION = YES;
				CLANG_WARN_DEPRECATED_OBJC_IMPLEMENTATIONS = YES;
				CLANG_WARN_DIRECT_OBJC_ISA_USAGE = YES_ERROR;
				CLANG_WARN_DOCUMENTATION_COMMENTS = YES;
				CLANG_WARN_EMPTY_BODY = YES;
				CLANG_WARN_ENUM_CONVERSION = YES;
				CLANG_WARN_INFINITE_RECURSION = YES;
				CLANG_WARN_INT_CONVERSION = YES;
				CLANG_WARN_NON_LITERAL_NULL_CONVERSION = YES;
				CLANG_WARN_OBJC_IMPLICIT_RETAIN_SELF = YES;
				CLANG_WARN_OBJC_LITERAL_CONVERSION = YES;
				CLANG_WARN_OBJC_ROOT_CLASS = YES_ERROR;
				CLANG_WARN_QUOTED_INCLUDE_IN_FRAMEWORK_HEADER = YES;
				CLANG_WARN_RANGE_LOOP_ANALYSIS = YES;
				CLANG_WARN_STRICT_PROTOTYPES = YES;
				CLANG_WARN_SUSPICIOUS_MOVE = YES;
				CLANG_WARN_UNGUARDED_AVAILABILITY = YES_AGGRESSIVE;
				CLANG_WARN_UNREACHABLE_CODE = YES;
				CLANG_WARN__DUPLICATE_METHOD_MATCH = YES;
				COPY_PHASE_STRIP = NO;
				DEBUG_INFORMATION_FORMAT = dwarf;
				ENABLE_STRICT_OBJC_MSGSEND = YES;
				ENABLE_TESTABILITY = YES;
				GCC_C_LANGUAGE_STANDARD = gnu11;
				GCC_DYNAMIC_NO_PIC = NO;
				GCC_NO_COMMON_BLOCKS = YES;
				GCC_OPTIMIZATION_LEVEL = 0;
				GCC_PREPROCESSOR_DEFINITIONS = (
					"DEBUG=1",
					"$(inherited)",
				);
				GCC_WARN_64_TO_32_BIT_CONVERSION = YES;
				GCC_WARN_ABOUT_RETURN_TYPE = YES_ERROR;
				GCC_WARN_UNDECLARED_SELECTOR = YES;
				GCC_WARN_UNINITIALIZED_AUTOS = YES_AGGRESSIVE;
				GCC_WARN_UNUSED_FUNCTION = YES;
				GCC_WARN_UNUSED_VARIABLE = YES;
				IPHONEOS_DEPLOYMENT_TARGET = 16.4;
				MTL_ENABLE_DEBUG_INFO = INCLUDE_SOURCE;
				MTL_FAST_MATH = YES;
				ONLY_ACTIVE_ARCH = YES;
				SDKROOT = iphoneos;
				SWIFT_ACTIVE_COMPILATION_CONDITIONS = DEBUG;
				SWIFT_OPTIMIZATION_LEVEL = "-Onone";
			};
			name = Debug;
		};
		8704A4B92A14DD69000AB7F5 /* Release */ = {
			isa = XCBuildConfiguration;
			buildSettings = {
				ALWAYS_SEARCH_USER_PATHS = NO;
				CLANG_ANALYZER_NONNULL = YES;
				CLANG_ANALYZER_NUMBER_OBJECT_CONVERSION = YES_AGGRESSIVE;
				CLANG_CXX_LANGUAGE_STANDARD = "gnu++20";
				CLANG_ENABLE_MODULES = YES;
				CLANG_ENABLE_OBJC_ARC = YES;
				CLANG_ENABLE_OBJC_WEAK = YES;
				CLANG_WARN_BLOCK_CAPTURE_AUTORELEASING = YES;
				CLANG_WARN_BOOL_CONVERSION = YES;
				CLANG_WARN_COMMA = YES;
				CLANG_WARN_CONSTANT_CONVERSION = YES;
				CLANG_WARN_DEPRECATED_OBJC_IMPLEMENTATIONS = YES;
				CLANG_WARN_DIRECT_OBJC_ISA_USAGE = YES_ERROR;
				CLANG_WARN_DOCUMENTATION_COMMENTS = YES;
				CLANG_WARN_EMPTY_BODY = YES;
				CLANG_WARN_ENUM_CONVERSION = YES;
				CLANG_WARN_INFINITE_RECURSION = YES;
				CLANG_WARN_INT_CONVERSION = YES;
				CLANG_WARN_NON_LITERAL_NULL_CONVERSION = YES;
				CLANG_WARN_OBJC_IMPLICIT_RETAIN_SELF = YES;
				CLANG_WARN_OBJC_LITERAL_CONVERSION = YES;
				CLANG_WARN_OBJC_ROOT_CLASS = YES_ERROR;
				CLANG_WARN_QUOTED_INCLUDE_IN_FRAMEWORK_HEADER = YES;
				CLANG_WARN_RANGE_LOOP_ANALYSIS = YES;
				CLANG_WARN_STRICT_PROTOTYPES = YES;
				CLANG_WARN_SUSPICIOUS_MOVE = YES;
				CLANG_WARN_UNGUARDED_AVAILABILITY = YES_AGGRESSIVE;
				CLANG_WARN_UNREACHABLE_CODE = YES;
				CLANG_WARN__DUPLICATE_METHOD_MATCH = YES;
				COPY_PHASE_STRIP = NO;
				DEBUG_INFORMATION_FORMAT = "dwarf-with-dsym";
				ENABLE_NS_ASSERTIONS = NO;
				ENABLE_STRICT_OBJC_MSGSEND = YES;
				GCC_C_LANGUAGE_STANDARD = gnu11;
				GCC_NO_COMMON_BLOCKS = YES;
				GCC_WARN_64_TO_32_BIT_CONVERSION = YES;
				GCC_WARN_ABOUT_RETURN_TYPE = YES_ERROR;
				GCC_WARN_UNDECLARED_SELECTOR = YES;
				GCC_WARN_UNINITIALIZED_AUTOS = YES_AGGRESSIVE;
				GCC_WARN_UNUSED_FUNCTION = YES;
				GCC_WARN_UNUSED_VARIABLE = YES;
				IPHONEOS_DEPLOYMENT_TARGET = 16.4;
				MTL_ENABLE_DEBUG_INFO = NO;
				MTL_FAST_MATH = YES;
				SDKROOT = iphoneos;
				SWIFT_COMPILATION_MODE = wholemodule;
				SWIFT_OPTIMIZATION_LEVEL = "-O";
				VALIDATE_PRODUCT = YES;
			};
			name = Release;
		};
		8704A4BB2A14DD69000AB7F5 /* Debug */ = {
			isa = XCBuildConfiguration;
			baseConfigurationReference = E92049CBF5E906559EC07E40 /* Pods-MiroCinema.debug.xcconfig */;
			buildSettings = {
				ASSETCATALOG_COMPILER_APPICON_NAME = AppIcon;
				ASSETCATALOG_COMPILER_GLOBAL_ACCENT_COLOR_NAME = AccentColor;
				CODE_SIGN_STYLE = Automatic;
				CURRENT_PROJECT_VERSION = 1;
				DEVELOPMENT_TEAM = 9XR48RYD63;
				GENERATE_INFOPLIST_FILE = YES;
				INFOPLIST_FILE = MiroCinema/Info.plist;
				INFOPLIST_KEY_UIApplicationSupportsIndirectInputEvents = YES;
				INFOPLIST_KEY_UILaunchStoryboardName = LaunchScreen;
				INFOPLIST_KEY_UIStatusBarStyle = "";
				INFOPLIST_KEY_UISupportedInterfaceOrientations_iPad = "UIInterfaceOrientationPortrait UIInterfaceOrientationPortraitUpsideDown UIInterfaceOrientationLandscapeLeft UIInterfaceOrientationLandscapeRight";
				INFOPLIST_KEY_UISupportedInterfaceOrientations_iPhone = "UIInterfaceOrientationPortrait UIInterfaceOrientationLandscapeLeft UIInterfaceOrientationLandscapeRight";
				IPHONEOS_DEPLOYMENT_TARGET = 14.0;
				LD_RUNPATH_SEARCH_PATHS = (
					"$(inherited)",
					"@executable_path/Frameworks",
				);
				MARKETING_VERSION = 1.0;
				PRODUCT_BUNDLE_IDENTIFIER = lognlivedrgn.MiroCinema;
				PRODUCT_NAME = "$(TARGET_NAME)";
				SWIFT_EMIT_LOC_STRINGS = YES;
				SWIFT_VERSION = 5.0;
				TARGETED_DEVICE_FAMILY = "1,2";
			};
			name = Debug;
		};
		8704A4BC2A14DD69000AB7F5 /* Release */ = {
			isa = XCBuildConfiguration;
			baseConfigurationReference = 19989E486737415106FB45D8 /* Pods-MiroCinema.release.xcconfig */;
			buildSettings = {
				ASSETCATALOG_COMPILER_APPICON_NAME = AppIcon;
				ASSETCATALOG_COMPILER_GLOBAL_ACCENT_COLOR_NAME = AccentColor;
				CODE_SIGN_STYLE = Automatic;
				CURRENT_PROJECT_VERSION = 1;
				DEVELOPMENT_TEAM = 9XR48RYD63;
				GENERATE_INFOPLIST_FILE = YES;
				INFOPLIST_FILE = MiroCinema/Info.plist;
				INFOPLIST_KEY_UIApplicationSupportsIndirectInputEvents = YES;
				INFOPLIST_KEY_UILaunchStoryboardName = LaunchScreen;
				INFOPLIST_KEY_UIStatusBarStyle = "";
				INFOPLIST_KEY_UISupportedInterfaceOrientations_iPad = "UIInterfaceOrientationPortrait UIInterfaceOrientationPortraitUpsideDown UIInterfaceOrientationLandscapeLeft UIInterfaceOrientationLandscapeRight";
				INFOPLIST_KEY_UISupportedInterfaceOrientations_iPhone = "UIInterfaceOrientationPortrait UIInterfaceOrientationLandscapeLeft UIInterfaceOrientationLandscapeRight";
				IPHONEOS_DEPLOYMENT_TARGET = 14.0;
				LD_RUNPATH_SEARCH_PATHS = (
					"$(inherited)",
					"@executable_path/Frameworks",
				);
				MARKETING_VERSION = 1.0;
				PRODUCT_BUNDLE_IDENTIFIER = lognlivedrgn.MiroCinema;
				PRODUCT_NAME = "$(TARGET_NAME)";
				SWIFT_EMIT_LOC_STRINGS = YES;
				SWIFT_VERSION = 5.0;
				TARGETED_DEVICE_FAMILY = "1,2";
			};
			name = Release;
		};
		8704A4BE2A14DD69000AB7F5 /* Debug */ = {
			isa = XCBuildConfiguration;
			baseConfigurationReference = A3C934225B212D6A87349911 /* Pods-MiroCinemaTests.debug.xcconfig */;
			buildSettings = {
				ALWAYS_EMBED_SWIFT_STANDARD_LIBRARIES = YES;
				BUNDLE_LOADER = "$(TEST_HOST)";
				CODE_SIGN_STYLE = Automatic;
				CURRENT_PROJECT_VERSION = 1;
				GENERATE_INFOPLIST_FILE = YES;
				IPHONEOS_DEPLOYMENT_TARGET = 16.4;
				MARKETING_VERSION = 1.0;
				PRODUCT_BUNDLE_IDENTIFIER = lognlivedrgn.MiroCinemaTests;
				PRODUCT_NAME = "$(TARGET_NAME)";
				SWIFT_EMIT_LOC_STRINGS = NO;
				SWIFT_VERSION = 5.0;
				TARGETED_DEVICE_FAMILY = "1,2";
				TEST_HOST = "$(BUILT_PRODUCTS_DIR)/MiroCinema.app/$(BUNDLE_EXECUTABLE_FOLDER_PATH)/MiroCinema";
			};
			name = Debug;
		};
		8704A4BF2A14DD69000AB7F5 /* Release */ = {
			isa = XCBuildConfiguration;
			baseConfigurationReference = 864256051838767F7A93B860 /* Pods-MiroCinemaTests.release.xcconfig */;
			buildSettings = {
				ALWAYS_EMBED_SWIFT_STANDARD_LIBRARIES = YES;
				BUNDLE_LOADER = "$(TEST_HOST)";
				CODE_SIGN_STYLE = Automatic;
				CURRENT_PROJECT_VERSION = 1;
				GENERATE_INFOPLIST_FILE = YES;
				IPHONEOS_DEPLOYMENT_TARGET = 16.4;
				MARKETING_VERSION = 1.0;
				PRODUCT_BUNDLE_IDENTIFIER = lognlivedrgn.MiroCinemaTests;
				PRODUCT_NAME = "$(TARGET_NAME)";
				SWIFT_EMIT_LOC_STRINGS = NO;
				SWIFT_VERSION = 5.0;
				TARGETED_DEVICE_FAMILY = "1,2";
				TEST_HOST = "$(BUILT_PRODUCTS_DIR)/MiroCinema.app/$(BUNDLE_EXECUTABLE_FOLDER_PATH)/MiroCinema";
			};
			name = Release;
		};
		8704A4C12A14DD69000AB7F5 /* Debug */ = {
			isa = XCBuildConfiguration;
			baseConfigurationReference = 149C8AA66BABA455BB46AF23 /* Pods-MiroCinema-MiroCinemaUITests.debug.xcconfig */;
			buildSettings = {
				ALWAYS_EMBED_SWIFT_STANDARD_LIBRARIES = YES;
				CODE_SIGN_STYLE = Automatic;
				CURRENT_PROJECT_VERSION = 1;
				GENERATE_INFOPLIST_FILE = YES;
				MARKETING_VERSION = 1.0;
				PRODUCT_BUNDLE_IDENTIFIER = lognlivedrgn.MiroCinemaUITests;
				PRODUCT_NAME = "$(TARGET_NAME)";
				SWIFT_EMIT_LOC_STRINGS = NO;
				SWIFT_VERSION = 5.0;
				TARGETED_DEVICE_FAMILY = "1,2";
				TEST_TARGET_NAME = MiroCinema;
			};
			name = Debug;
		};
		8704A4C22A14DD69000AB7F5 /* Release */ = {
			isa = XCBuildConfiguration;
			baseConfigurationReference = C2DC74EB7F1A4FA758EC75FE /* Pods-MiroCinema-MiroCinemaUITests.release.xcconfig */;
			buildSettings = {
				ALWAYS_EMBED_SWIFT_STANDARD_LIBRARIES = YES;
				CODE_SIGN_STYLE = Automatic;
				CURRENT_PROJECT_VERSION = 1;
				GENERATE_INFOPLIST_FILE = YES;
				MARKETING_VERSION = 1.0;
				PRODUCT_BUNDLE_IDENTIFIER = lognlivedrgn.MiroCinemaUITests;
				PRODUCT_NAME = "$(TARGET_NAME)";
				SWIFT_EMIT_LOC_STRINGS = NO;
				SWIFT_VERSION = 5.0;
				TARGETED_DEVICE_FAMILY = "1,2";
				TEST_TARGET_NAME = MiroCinema;
			};
			name = Release;
		};
/* End XCBuildConfiguration section */

/* Begin XCConfigurationList section */
		8704A4882A14DD68000AB7F5 /* Build configuration list for PBXProject "MiroCinema" */ = {
			isa = XCConfigurationList;
			buildConfigurations = (
				8704A4B82A14DD69000AB7F5 /* Debug */,
				8704A4B92A14DD69000AB7F5 /* Release */,
			);
			defaultConfigurationIsVisible = 0;
			defaultConfigurationName = Release;
		};
		8704A4BA2A14DD69000AB7F5 /* Build configuration list for PBXNativeTarget "MiroCinema" */ = {
			isa = XCConfigurationList;
			buildConfigurations = (
				8704A4BB2A14DD69000AB7F5 /* Debug */,
				8704A4BC2A14DD69000AB7F5 /* Release */,
			);
			defaultConfigurationIsVisible = 0;
			defaultConfigurationName = Release;
		};
		8704A4BD2A14DD69000AB7F5 /* Build configuration list for PBXNativeTarget "MiroCinemaTests" */ = {
			isa = XCConfigurationList;
			buildConfigurations = (
				8704A4BE2A14DD69000AB7F5 /* Debug */,
				8704A4BF2A14DD69000AB7F5 /* Release */,
			);
			defaultConfigurationIsVisible = 0;
			defaultConfigurationName = Release;
		};
		8704A4C02A14DD69000AB7F5 /* Build configuration list for PBXNativeTarget "MiroCinemaUITests" */ = {
			isa = XCConfigurationList;
			buildConfigurations = (
				8704A4C12A14DD69000AB7F5 /* Debug */,
				8704A4C22A14DD69000AB7F5 /* Release */,
			);
			defaultConfigurationIsVisible = 0;
			defaultConfigurationName = Release;
		};
/* End XCConfigurationList section */

/* Begin XCVersionGroup section */
		8704A4992A14DD68000AB7F5 /* MiroCinema.xcdatamodeld */ = {
			isa = XCVersionGroup;
			children = (
				8704A49A2A14DD68000AB7F5 /* MiroCinema.xcdatamodel */,
			);
			currentVersion = 8704A49A2A14DD68000AB7F5 /* MiroCinema.xcdatamodel */;
			path = MiroCinema.xcdatamodeld;
			sourceTree = "<group>";
			versionGroupType = wrapper.xcdatamodel;
		};
/* End XCVersionGroup section */
	};
	rootObject = 8704A4852A14DD68000AB7F5 /* Project object */;
}
